// !$*UTF8*$!
{
	archiveVersion = 1;
	classes = {
	};
	objectVersion = 56;
	objects = {

/* Begin PBXBuildFile section */
		18A06E932B60ECC800354C70 /* StampsBoard.swift in Sources */ = {isa = PBXBuildFile; fileRef = 18A06E922B60ECC800354C70 /* StampsBoard.swift */; };
		3500B5552B662B9D003C8607 /* CongratsPopupView.swift in Sources */ = {isa = PBXBuildFile; fileRef = 3500B5542B662B9D003C8607 /* CongratsPopupView.swift */; };
		3500B5E92B66BA4F003C8607 /* MissionDetailSheetView.swift in Sources */ = {isa = PBXBuildFile; fileRef = 3500B5E82B66BA4F003C8607 /* MissionDetailSheetView.swift */; };
		353E16A62B60E3DC0023D015 /* PopupView.swift in Sources */ = {isa = PBXBuildFile; fileRef = 353E16A52B60E3DC0023D015 /* PopupView.swift */; };
		353E16AB2B60FE5D0023D015 /* MissionView.swift in Sources */ = {isa = PBXBuildFile; fileRef = 353E16AA2B60FE5D0023D015 /* MissionView.swift */; };
		353E16AD2B60FE780023D015 /* MissionCard .swift in Sources */ = {isa = PBXBuildFile; fileRef = 353E16AC2B60FE780023D015 /* MissionCard .swift */; };
		353E16B72B614FE60023D015 /* HintPopupModel.swift in Sources */ = {isa = PBXBuildFile; fileRef = 353E16B62B614FE60023D015 /* HintPopupModel.swift */; };
		353E16B92B6150BF0023D015 /* HintPopupView.swift in Sources */ = {isa = PBXBuildFile; fileRef = 353E16B82B6150BF0023D015 /* HintPopupView.swift */; };
		356B77D02B68BCF6003791B9 /* SheetContent.swift in Sources */ = {isa = PBXBuildFile; fileRef = 356B77CF2B68BCF6003791B9 /* SheetContent.swift */; };
		356B77D22B68BD48003791B9 /* LevelUpSheetView.swift in Sources */ = {isa = PBXBuildFile; fileRef = 356B77D12B68BD48003791B9 /* LevelUpSheetView.swift */; };
		356B77D42B68BE19003791B9 /* ActiveSheet.swift in Sources */ = {isa = PBXBuildFile; fileRef = 356B77D32B68BE19003791B9 /* ActiveSheet.swift */; };
		356B77D62B68C15D003791B9 /* PopupsView.swift in Sources */ = {isa = PBXBuildFile; fileRef = 356B77D52B68C15D003791B9 /* PopupsView.swift */; };
		356B77D82B68C3D5003791B9 /* SheetPopupData.swift in Sources */ = {isa = PBXBuildFile; fileRef = 356B77D72B68C3D5003791B9 /* SheetPopupData.swift */; };
		356B77DA2B68C9A4003791B9 /* BBBB.swift in Sources */ = {isa = PBXBuildFile; fileRef = 356B77D92B68C9A4003791B9 /* BBBB.swift */; };
		35CF68182B5D80B3001762B9 /* Onboarding3.swift in Sources */ = {isa = PBXBuildFile; fileRef = 35CF68142B5D80B3001762B9 /* Onboarding3.swift */; };
		35CF68192B5D80B3001762B9 /* Onboarding1.swift in Sources */ = {isa = PBXBuildFile; fileRef = 35CF68152B5D80B3001762B9 /* Onboarding1.swift */; };
		35CF681A2B5D80B3001762B9 /* Onboarding2.swift in Sources */ = {isa = PBXBuildFile; fileRef = 35CF68162B5D80B3001762B9 /* Onboarding2.swift */; };
		35CF681B2B5D80B3001762B9 /* doorAnimation.swift in Sources */ = {isa = PBXBuildFile; fileRef = 35CF68172B5D80B3001762B9 /* doorAnimation.swift */; };
		9453ACDE2B663DDA00CCA438 /* sound1.mp3 in Resources */ = {isa = PBXBuildFile; fileRef = 9453ACD92B663DD900CCA438 /* sound1.mp3 */; };
		9453ACDF2B663DDA00CCA438 /* sound2.mp3 in Resources */ = {isa = PBXBuildFile; fileRef = 9453ACDA2B663DD900CCA438 /* sound2.mp3 */; };
		9453ACE02B663DDA00CCA438 /* sound3.mp3 in Resources */ = {isa = PBXBuildFile; fileRef = 9453ACDB2B663DD900CCA438 /* sound3.mp3 */; };
		9453ACE12B663DDA00CCA438 /* SoundManager.swift in Sources */ = {isa = PBXBuildFile; fileRef = 9453ACDC2B663DD900CCA438 /* SoundManager.swift */; };
		9453ACE22B663DDA00CCA438 /* sound4.mp3 in Resources */ = {isa = PBXBuildFile; fileRef = 9453ACDD2B663DD900CCA438 /* sound4.mp3 */; };
		9453ACEE2B66AB8900CCA438 /* MissionViewModel.swift in Sources */ = {isa = PBXBuildFile; fileRef = 9453ACED2B66AB8900CCA438 /* MissionViewModel.swift */; };
		9453ACF02B66AB9900CCA438 /* MissionModel.swift in Sources */ = {isa = PBXBuildFile; fileRef = 9453ACEF2B66AB9900CCA438 /* MissionModel.swift */; };
		9453ACF42B66AC4900CCA438 /* MissionDataService.swift in Sources */ = {isa = PBXBuildFile; fileRef = 9453ACF32B66AC4900CCA438 /* MissionDataService.swift */; };
		9453ACF62B66ADFC00CCA438 /* MissionsViews.swift in Sources */ = {isa = PBXBuildFile; fileRef = 9453ACF52B66ADFC00CCA438 /* MissionsViews.swift */; };
		9453ACFE2B684A9000CCA438 /* InfoSheetView.swift in Sources */ = {isa = PBXBuildFile; fileRef = 9453ACFD2B684A9000CCA438 /* InfoSheetView.swift */; };
		945E3E9B2B5E436D004DFC98 /* LocationViewModel.swift in Sources */ = {isa = PBXBuildFile; fileRef = 945E3E9A2B5E436D004DFC98 /* LocationViewModel.swift */; };
		945E3E9E2B5E437C004DFC98 /* LocationsDataService.swift in Sources */ = {isa = PBXBuildFile; fileRef = 945E3E9D2B5E437C004DFC98 /* LocationsDataService.swift */; };
		945E3EA02B5E4380004DFC98 /* Location.swift in Sources */ = {isa = PBXBuildFile; fileRef = 945E3E9F2B5E4380004DFC98 /* Location.swift */; };
		945E3EA22B5E4384004DFC98 /* LocationDetailView.swift in Sources */ = {isa = PBXBuildFile; fileRef = 945E3EA12B5E4384004DFC98 /* LocationDetailView.swift */; };
		945E3EBE2B5E5F5D004DFC98 /* Dropdownmenue.swift in Sources */ = {isa = PBXBuildFile; fileRef = 945E3EBD2B5E5F5D004DFC98 /* Dropdownmenue.swift */; };
		94A38A462B5D08E90012280F /* Saudi_TourismApp.swift in Sources */ = {isa = PBXBuildFile; fileRef = 94A38A452B5D08E90012280F /* Saudi_TourismApp.swift */; };
		94A38A482B5D08E90012280F /* ContentView.swift in Sources */ = {isa = PBXBuildFile; fileRef = 94A38A472B5D08E90012280F /* ContentView.swift */; };
		94A38A4A2B5D08EB0012280F /* Assets.xcassets in Resources */ = {isa = PBXBuildFile; fileRef = 94A38A492B5D08EB0012280F /* Assets.xcassets */; };
		94A38A4D2B5D08EB0012280F /* Preview Assets.xcassets in Resources */ = {isa = PBXBuildFile; fileRef = 94A38A4C2B5D08EB0012280F /* Preview Assets.xcassets */; };
		94A38A5C2B5D09E70012280F /* MissionMapView.swift in Sources */ = {isa = PBXBuildFile; fileRef = 94A38A5B2B5D09E70012280F /* MissionMapView.swift */; };
		94A38A5E2B5D0A0F0012280F /* MissionMapViewModel.swift in Sources */ = {isa = PBXBuildFile; fileRef = 94A38A5D2B5D0A0F0012280F /* MissionMapViewModel.swift */; };
		94A38A602B5D0A600012280F /* LevelDetailView.swift in Sources */ = {isa = PBXBuildFile; fileRef = 94A38A5F2B5D0A600012280F /* LevelDetailView.swift */; };
		94A38A622B5D3BCB0012280F /* LevelIconView.swift in Sources */ = {isa = PBXBuildFile; fileRef = 94A38A612B5D3BCB0012280F /* LevelIconView.swift */; };
		94F9732C2B60F12A00F6B395 /* Place.swift in Sources */ = {isa = PBXBuildFile; fileRef = 94F9732B2B60F12A00F6B395 /* Place.swift */; };
		94F9732E2B60F13B00F6B395 /* HintsView.swift in Sources */ = {isa = PBXBuildFile; fileRef = 94F9732D2B60F13B00F6B395 /* HintsView.swift */; };
		94F973302B60F14200F6B395 /* HintsViewModel.swift in Sources */ = {isa = PBXBuildFile; fileRef = 94F9732F2B60F14200F6B395 /* HintsViewModel.swift */; };
		94F973352B623C2A00F6B395 /* test button.swift in Sources */ = {isa = PBXBuildFile; fileRef = 94F973342B623C2A00F6B395 /* test button.swift */; };
/* End PBXBuildFile section */

/* Begin PBXFileReference section */
		18A06E922B60ECC800354C70 /* StampsBoard.swift */ = {isa = PBXFileReference; lastKnownFileType = sourcecode.swift; path = StampsBoard.swift; sourceTree = "<group>"; };
		3500B5542B662B9D003C8607 /* CongratsPopupView.swift */ = {isa = PBXFileReference; lastKnownFileType = sourcecode.swift; path = CongratsPopupView.swift; sourceTree = "<group>"; };
		3500B5E82B66BA4F003C8607 /* MissionDetailSheetView.swift */ = {isa = PBXFileReference; lastKnownFileType = sourcecode.swift; path = MissionDetailSheetView.swift; sourceTree = "<group>"; };
		353E16A52B60E3DC0023D015 /* PopupView.swift */ = {isa = PBXFileReference; lastKnownFileType = sourcecode.swift; path = PopupView.swift; sourceTree = "<group>"; };
		353E16AA2B60FE5D0023D015 /* MissionView.swift */ = {isa = PBXFileReference; lastKnownFileType = sourcecode.swift; path = MissionView.swift; sourceTree = "<group>"; };
		353E16AC2B60FE780023D015 /* MissionCard .swift */ = {isa = PBXFileReference; lastKnownFileType = sourcecode.swift; path = "MissionCard .swift"; sourceTree = "<group>"; };
		353E16B62B614FE60023D015 /* HintPopupModel.swift */ = {isa = PBXFileReference; lastKnownFileType = sourcecode.swift; path = HintPopupModel.swift; sourceTree = "<group>"; };
		353E16B82B6150BF0023D015 /* HintPopupView.swift */ = {isa = PBXFileReference; lastKnownFileType = sourcecode.swift; path = HintPopupView.swift; sourceTree = "<group>"; };
		356B77CF2B68BCF6003791B9 /* SheetContent.swift */ = {isa = PBXFileReference; lastKnownFileType = sourcecode.swift; path = SheetContent.swift; sourceTree = "<group>"; };
		356B77D12B68BD48003791B9 /* LevelUpSheetView.swift */ = {isa = PBXFileReference; lastKnownFileType = sourcecode.swift; path = LevelUpSheetView.swift; sourceTree = "<group>"; };
		356B77D32B68BE19003791B9 /* ActiveSheet.swift */ = {isa = PBXFileReference; lastKnownFileType = sourcecode.swift; path = ActiveSheet.swift; sourceTree = "<group>"; };
		356B77D52B68C15D003791B9 /* PopupsView.swift */ = {isa = PBXFileReference; lastKnownFileType = sourcecode.swift; path = PopupsView.swift; sourceTree = "<group>"; };
		356B77D72B68C3D5003791B9 /* SheetPopupData.swift */ = {isa = PBXFileReference; lastKnownFileType = sourcecode.swift; path = SheetPopupData.swift; sourceTree = "<group>"; };
		356B77D92B68C9A4003791B9 /* BBBB.swift */ = {isa = PBXFileReference; lastKnownFileType = sourcecode.swift; path = BBBB.swift; sourceTree = "<group>"; };
		35CF68142B5D80B3001762B9 /* Onboarding3.swift */ = {isa = PBXFileReference; fileEncoding = 4; lastKnownFileType = sourcecode.swift; path = Onboarding3.swift; sourceTree = "<group>"; };
		35CF68152B5D80B3001762B9 /* Onboarding1.swift */ = {isa = PBXFileReference; fileEncoding = 4; lastKnownFileType = sourcecode.swift; path = Onboarding1.swift; sourceTree = "<group>"; };
		35CF68162B5D80B3001762B9 /* Onboarding2.swift */ = {isa = PBXFileReference; fileEncoding = 4; lastKnownFileType = sourcecode.swift; path = Onboarding2.swift; sourceTree = "<group>"; };
		35CF68172B5D80B3001762B9 /* doorAnimation.swift */ = {isa = PBXFileReference; fileEncoding = 4; lastKnownFileType = sourcecode.swift; path = doorAnimation.swift; sourceTree = "<group>"; };
		9453ACD92B663DD900CCA438 /* sound1.mp3 */ = {isa = PBXFileReference; lastKnownFileType = audio.mp3; path = sound1.mp3; sourceTree = "<group>"; };
		9453ACDA2B663DD900CCA438 /* sound2.mp3 */ = {isa = PBXFileReference; lastKnownFileType = audio.mp3; path = sound2.mp3; sourceTree = "<group>"; };
		9453ACDB2B663DD900CCA438 /* sound3.mp3 */ = {isa = PBXFileReference; lastKnownFileType = audio.mp3; path = sound3.mp3; sourceTree = "<group>"; };
		9453ACDC2B663DD900CCA438 /* SoundManager.swift */ = {isa = PBXFileReference; fileEncoding = 4; lastKnownFileType = sourcecode.swift; path = SoundManager.swift; sourceTree = "<group>"; };
		9453ACDD2B663DD900CCA438 /* sound4.mp3 */ = {isa = PBXFileReference; lastKnownFileType = audio.mp3; path = sound4.mp3; sourceTree = "<group>"; };
		9453ACED2B66AB8900CCA438 /* MissionViewModel.swift */ = {isa = PBXFileReference; lastKnownFileType = sourcecode.swift; path = MissionViewModel.swift; sourceTree = "<group>"; };
		9453ACEF2B66AB9900CCA438 /* MissionModel.swift */ = {isa = PBXFileReference; lastKnownFileType = sourcecode.swift; path = MissionModel.swift; sourceTree = "<group>"; };
		9453ACF32B66AC4900CCA438 /* MissionDataService.swift */ = {isa = PBXFileReference; lastKnownFileType = sourcecode.swift; path = MissionDataService.swift; sourceTree = "<group>"; };
		9453ACF52B66ADFC00CCA438 /* MissionsViews.swift */ = {isa = PBXFileReference; lastKnownFileType = sourcecode.swift; path = MissionsViews.swift; sourceTree = "<group>"; };
		9453ACFD2B684A9000CCA438 /* InfoSheetView.swift */ = {isa = PBXFileReference; lastKnownFileType = sourcecode.swift; path = InfoSheetView.swift; sourceTree = "<group>"; };
		945E3E9A2B5E436D004DFC98 /* LocationViewModel.swift */ = {isa = PBXFileReference; fileEncoding = 4; lastKnownFileType = sourcecode.swift; path = LocationViewModel.swift; sourceTree = "<group>"; };
		945E3E9D2B5E437C004DFC98 /* LocationsDataService.swift */ = {isa = PBXFileReference; fileEncoding = 4; lastKnownFileType = sourcecode.swift; path = LocationsDataService.swift; sourceTree = "<group>"; };
		945E3E9F2B5E4380004DFC98 /* Location.swift */ = {isa = PBXFileReference; fileEncoding = 4; lastKnownFileType = sourcecode.swift; path = Location.swift; sourceTree = "<group>"; };
		945E3EA12B5E4384004DFC98 /* LocationDetailView.swift */ = {isa = PBXFileReference; fileEncoding = 4; lastKnownFileType = sourcecode.swift; path = LocationDetailView.swift; sourceTree = "<group>"; };
		945E3EBD2B5E5F5D004DFC98 /* Dropdownmenue.swift */ = {isa = PBXFileReference; lastKnownFileType = sourcecode.swift; path = Dropdownmenue.swift; sourceTree = "<group>"; };
		94A38A422B5D08E90012280F /* Saudi_Tourism.app */ = {isa = PBXFileReference; explicitFileType = wrapper.application; includeInIndex = 0; path = Saudi_Tourism.app; sourceTree = BUILT_PRODUCTS_DIR; };
		94A38A452B5D08E90012280F /* Saudi_TourismApp.swift */ = {isa = PBXFileReference; lastKnownFileType = sourcecode.swift; path = Saudi_TourismApp.swift; sourceTree = "<group>"; };
		94A38A472B5D08E90012280F /* ContentView.swift */ = {isa = PBXFileReference; lastKnownFileType = sourcecode.swift; path = ContentView.swift; sourceTree = "<group>"; };
		94A38A492B5D08EB0012280F /* Assets.xcassets */ = {isa = PBXFileReference; lastKnownFileType = folder.assetcatalog; path = Assets.xcassets; sourceTree = "<group>"; };
		94A38A4C2B5D08EB0012280F /* Preview Assets.xcassets */ = {isa = PBXFileReference; lastKnownFileType = folder.assetcatalog; path = "Preview Assets.xcassets"; sourceTree = "<group>"; };
		94A38A5B2B5D09E70012280F /* MissionMapView.swift */ = {isa = PBXFileReference; lastKnownFileType = sourcecode.swift; path = MissionMapView.swift; sourceTree = "<group>"; };
		94A38A5D2B5D0A0F0012280F /* MissionMapViewModel.swift */ = {isa = PBXFileReference; lastKnownFileType = sourcecode.swift; path = MissionMapViewModel.swift; sourceTree = "<group>"; };
		94A38A5F2B5D0A600012280F /* LevelDetailView.swift */ = {isa = PBXFileReference; lastKnownFileType = sourcecode.swift; path = LevelDetailView.swift; sourceTree = "<group>"; };
		94A38A612B5D3BCB0012280F /* LevelIconView.swift */ = {isa = PBXFileReference; lastKnownFileType = sourcecode.swift; path = LevelIconView.swift; sourceTree = "<group>"; };
		94F9732B2B60F12A00F6B395 /* Place.swift */ = {isa = PBXFileReference; fileEncoding = 4; lastKnownFileType = sourcecode.swift; path = Place.swift; sourceTree = "<group>"; };
		94F9732D2B60F13B00F6B395 /* HintsView.swift */ = {isa = PBXFileReference; fileEncoding = 4; lastKnownFileType = sourcecode.swift; path = HintsView.swift; sourceTree = "<group>"; };
		94F9732F2B60F14200F6B395 /* HintsViewModel.swift */ = {isa = PBXFileReference; fileEncoding = 4; lastKnownFileType = sourcecode.swift; path = HintsViewModel.swift; sourceTree = "<group>"; };
		94F973342B623C2A00F6B395 /* test button.swift */ = {isa = PBXFileReference; lastKnownFileType = sourcecode.swift; path = "test button.swift"; sourceTree = "<group>"; };
/* End PBXFileReference section */

/* Begin PBXFrameworksBuildPhase section */
		94A38A3F2B5D08E90012280F /* Frameworks */ = {
			isa = PBXFrameworksBuildPhase;
			buildActionMask = 2147483647;
			files = (
			);
			runOnlyForDeploymentPostprocessing = 0;
		};
/* End PBXFrameworksBuildPhase section */

/* Begin PBXGroup section */
		18A06E902B60EC8800354C70 /* StampsBoard */ = {
			isa = PBXGroup;
			children = (
				18A06E912B60EC9C00354C70 /* View */,
			);
			path = StampsBoard;
			sourceTree = "<group>";
		};
		18A06E912B60EC9C00354C70 /* View */ = {
			isa = PBXGroup;
			children = (
				18A06E922B60ECC800354C70 /* StampsBoard.swift */,
			);
			path = View;
			sourceTree = "<group>";
		};
		353E16A72B60FE260023D015 /* Discovery Misson */ = {
			isa = PBXGroup;
			children = (
				94F973332B6234C600F6B395 /* View */,
				94F973312B6234BB00F6B395 /* ViewModel */,
			);
			path = "Discovery Misson";
			sourceTree = "<group>";
		};
		9453ACD72B663DC500CCA438 /* popUpView */ = {
			isa = PBXGroup;
			children = (
				9453ACD82B663DCD00CCA438 /* Sounds */,
				353E16A52B60E3DC0023D015 /* PopupView.swift */,
			);
			path = popUpView;
			sourceTree = "<group>";
		};
		9453ACD82B663DCD00CCA438 /* Sounds */ = {
			isa = PBXGroup;
			children = (
				9453ACD92B663DD900CCA438 /* sound1.mp3 */,
				9453ACDA2B663DD900CCA438 /* sound2.mp3 */,
				9453ACDB2B663DD900CCA438 /* sound3.mp3 */,
				9453ACDD2B663DD900CCA438 /* sound4.mp3 */,
				9453ACDC2B663DD900CCA438 /* SoundManager.swift */,
			);
			path = Sounds;
			sourceTree = "<group>";
		};
		9453ACF72B66B63600CCA438 /* Model */ = {
			isa = PBXGroup;
			children = (
				9453ACEF2B66AB9900CCA438 /* MissionModel.swift */,
			);
			path = Model;
			sourceTree = "<group>";
		};
		9453ACF82B66B63E00CCA438 /* viewModel */ = {
			isa = PBXGroup;
			children = (
				9453ACED2B66AB8900CCA438 /* MissionViewModel.swift */,
			);
			path = viewModel;
			sourceTree = "<group>";
		};
		9453ACF92B66B64400CCA438 /* View */ = {
			isa = PBXGroup;
			children = (
				9453ACF52B66ADFC00CCA438 /* MissionsViews.swift */,
				3500B5E82B66BA4F003C8607 /* MissionDetailSheetView.swift */,
			);
			path = View;
			sourceTree = "<group>";
		};
		9453ACFA2B66B64900CCA438 /* DataService */ = {
			isa = PBXGroup;
			children = (
				9453ACF32B66AC4900CCA438 /* MissionDataService.swift */,
			);
			path = DataService;
			sourceTree = "<group>";
		};
		945E3E932B5E42AE004DFC98 /* OnBoarding */ = {
			isa = PBXGroup;
			children = (
				35CF68152B5D80B3001762B9 /* Onboarding1.swift */,
				35CF68162B5D80B3001762B9 /* Onboarding2.swift */,
				35CF68142B5D80B3001762B9 /* Onboarding3.swift */,
			);
			path = OnBoarding;
			sourceTree = "<group>";
		};
		945E3E942B5E42B8004DFC98 /* Animation */ = {
			isa = PBXGroup;
			children = (
				945E3E952B5E42CE004DFC98 /* View */,
			);
			path = Animation;
			sourceTree = "<group>";
		};
		945E3E952B5E42CE004DFC98 /* View */ = {
			isa = PBXGroup;
			children = (
				35CF68172B5D80B3001762B9 /* doorAnimation.swift */,
			);
			path = View;
			sourceTree = "<group>";
		};
		945E3E962B5E4342004DFC98 /* LevelDetails+Map */ = {
			isa = PBXGroup;
			children = (
				945E3E9C2B5E4373004DFC98 /* DataServices */,
				945E3E992B5E4361004DFC98 /* Model */,
				945E3E982B5E435B004DFC98 /* ViewModel */,
				945E3E972B5E4356004DFC98 /* View */,
			);
			path = "LevelDetails+Map";
			sourceTree = "<group>";
		};
		945E3E972B5E4356004DFC98 /* View */ = {
			isa = PBXGroup;
			children = (
				945E3EA12B5E4384004DFC98 /* LocationDetailView.swift */,
				94A38A5F2B5D0A600012280F /* LevelDetailView.swift */,
			);
			path = View;
			sourceTree = "<group>";
		};
		945E3E982B5E435B004DFC98 /* ViewModel */ = {
			isa = PBXGroup;
			children = (
				945E3E9A2B5E436D004DFC98 /* LocationViewModel.swift */,
			);
			path = ViewModel;
			sourceTree = "<group>";
		};
		945E3E992B5E4361004DFC98 /* Model */ = {
			isa = PBXGroup;
			children = (
				945E3E9F2B5E4380004DFC98 /* Location.swift */,
			);
			path = Model;
			sourceTree = "<group>";
		};
		945E3E9C2B5E4373004DFC98 /* DataServices */ = {
			isa = PBXGroup;
			children = (
				945E3E9D2B5E437C004DFC98 /* LocationsDataService.swift */,
			);
			path = DataServices;
			sourceTree = "<group>";
		};
		94A38A392B5D08E90012280F = {
			isa = PBXGroup;
			children = (
				94A38A442B5D08E90012280F /* Saudi_Tourism */,
				94A38A432B5D08E90012280F /* Products */,
			);
			sourceTree = "<group>";
		};
		94A38A432B5D08E90012280F /* Products */ = {
			isa = PBXGroup;
			children = (
				94A38A422B5D08E90012280F /* Saudi_Tourism.app */,
			);
			name = Products;
			sourceTree = "<group>";
		};
		94A38A442B5D08E90012280F /* Saudi_Tourism */ = {
			isa = PBXGroup;
			children = (
				18A06E902B60EC8800354C70 /* StampsBoard */,
				945E3E962B5E4342004DFC98 /* LevelDetails+Map */,
				945E3E942B5E42B8004DFC98 /* Animation */,
				945E3E932B5E42AE004DFC98 /* OnBoarding */,
				94A38A542B5D09760012280F /* Mession */,
				94A38A532B5D09700012280F /* Map */,
				94A38A452B5D08E90012280F /* Saudi_TourismApp.swift */,
				94A38A472B5D08E90012280F /* ContentView.swift */,
				356B77CF2B68BCF6003791B9 /* SheetContent.swift */,
				356B77D12B68BD48003791B9 /* LevelUpSheetView.swift */,
				356B77D32B68BE19003791B9 /* ActiveSheet.swift */,
				356B77D52B68C15D003791B9 /* PopupsView.swift */,
				356B77D72B68C3D5003791B9 /* SheetPopupData.swift */,
				356B77D92B68C9A4003791B9 /* BBBB.swift */,
				94A38A492B5D08EB0012280F /* Assets.xcassets */,
				94A38A4B2B5D08EB0012280F /* Preview Content */,
			);
			path = Saudi_Tourism;
			sourceTree = "<group>";
		};
		94A38A4B2B5D08EB0012280F /* Preview Content */ = {
			isa = PBXGroup;
			children = (
				94A38A4C2B5D08EB0012280F /* Preview Assets.xcassets */,
			);
			path = "Preview Content";
			sourceTree = "<group>";
		};
		94A38A532B5D09700012280F /* Map */ = {
			isa = PBXGroup;
			children = (
				9453ACD72B663DC500CCA438 /* popUpView */,
				94A38A582B5D098F0012280F /* ModelView */,
				94A38A572B5D09890012280F /* View */,
			);
			path = Map;
			sourceTree = "<group>";
		};
		94A38A542B5D09760012280F /* Mession */ = {
			isa = PBXGroup;
			children = (
				353E16A72B60FE260023D015 /* Discovery Misson */,
				94F973272B60F10000F6B395 /* Hints */,
			);
			path = Mession;
			sourceTree = "<group>";
		};
		94A38A572B5D09890012280F /* View */ = {
			isa = PBXGroup;
			children = (
				94A38A5B2B5D09E70012280F /* MissionMapView.swift */,
				94A38A612B5D3BCB0012280F /* LevelIconView.swift */,
				945E3EBD2B5E5F5D004DFC98 /* Dropdownmenue.swift */,
				9453ACFD2B684A9000CCA438 /* InfoSheetView.swift */,
			);
			path = View;
			sourceTree = "<group>";
		};
		94A38A582B5D098F0012280F /* ModelView */ = {
			isa = PBXGroup;
			children = (
				94A38A5D2B5D0A0F0012280F /* MissionMapViewModel.swift */,
				94F973342B623C2A00F6B395 /* test button.swift */,
			);
			path = ModelView;
			sourceTree = "<group>";
		};
		94F973272B60F10000F6B395 /* Hints */ = {
			isa = PBXGroup;
			children = (
				94F9732A2B60F11000F6B395 /* View */,
				94F973292B60F10A00F6B395 /* ViewModel */,
				94F973282B60F10500F6B395 /* Model */,
			);
			path = Hints;
			sourceTree = "<group>";
		};
		94F973282B60F10500F6B395 /* Model */ = {
			isa = PBXGroup;
			children = (
				94F9732B2B60F12A00F6B395 /* Place.swift */,
			);
			path = Model;
			sourceTree = "<group>";
		};
		94F973292B60F10A00F6B395 /* ViewModel */ = {
			isa = PBXGroup;
			children = (
				94F9732F2B60F14200F6B395 /* HintsViewModel.swift */,
			);
			path = ViewModel;
			sourceTree = "<group>";
		};
		94F9732A2B60F11000F6B395 /* View */ = {
			isa = PBXGroup;
			children = (
				94F9732D2B60F13B00F6B395 /* HintsView.swift */,
			);
			path = View;
			sourceTree = "<group>";
		};
		94F973312B6234BB00F6B395 /* ViewModel */ = {
			isa = PBXGroup;
			children = (
				9453ACFA2B66B64900CCA438 /* DataService */,
				9453ACF92B66B64400CCA438 /* View */,
				9453ACF82B66B63E00CCA438 /* viewModel */,
				9453ACF72B66B63600CCA438 /* Model */,
			);
			path = ViewModel;
			sourceTree = "<group>";
		};
		94F973322B6234C100F6B395 /* Model */ = {
			isa = PBXGroup;
			children = (
				353E16B62B614FE60023D015 /* HintPopupModel.swift */,
			);
			path = Model;
			sourceTree = "<group>";
		};
		94F973332B6234C600F6B395 /* View */ = {
			isa = PBXGroup;
			children = (
				94F973322B6234C100F6B395 /* Model */,
				353E16AA2B60FE5D0023D015 /* MissionView.swift */,
				353E16AC2B60FE780023D015 /* MissionCard .swift */,
				353E16B82B6150BF0023D015 /* HintPopupView.swift */,
				3500B5542B662B9D003C8607 /* CongratsPopupView.swift */,
			);
			path = View;
			sourceTree = "<group>";
		};
/* End PBXGroup section */

/* Begin PBXNativeTarget section */
		94A38A412B5D08E90012280F /* Saudi_Tourism */ = {
			isa = PBXNativeTarget;
			buildConfigurationList = 94A38A502B5D08EB0012280F /* Build configuration list for PBXNativeTarget "Saudi_Tourism" */;
			buildPhases = (
				94A38A3E2B5D08E90012280F /* Sources */,
				94A38A3F2B5D08E90012280F /* Frameworks */,
				94A38A402B5D08E90012280F /* Resources */,
			);
			buildRules = (
			);
			dependencies = (
			);
			name = Saudi_Tourism;
			productName = Saudi_Tourism;
			productReference = 94A38A422B5D08E90012280F /* Saudi_Tourism.app */;
			productType = "com.apple.product-type.application";
		};
/* End PBXNativeTarget section */

/* Begin PBXProject section */
		94A38A3A2B5D08E90012280F /* Project object */ = {
			isa = PBXProject;
			attributes = {
				BuildIndependentTargetsInParallel = 1;
				LastSwiftUpdateCheck = 1520;
				LastUpgradeCheck = 1520;
				TargetAttributes = {
					94A38A412B5D08E90012280F = {
						CreatedOnToolsVersion = 15.2;
					};
				};
			};
			buildConfigurationList = 94A38A3D2B5D08E90012280F /* Build configuration list for PBXProject "Saudi_Tourism" */;
			compatibilityVersion = "Xcode 14.0";
			developmentRegion = en;
			hasScannedForEncodings = 0;
			knownRegions = (
				en,
				Base,
			);
			mainGroup = 94A38A392B5D08E90012280F;
			productRefGroup = 94A38A432B5D08E90012280F /* Products */;
			projectDirPath = "";
			projectRoot = "";
			targets = (
				94A38A412B5D08E90012280F /* Saudi_Tourism */,
			);
		};
/* End PBXProject section */

/* Begin PBXResourcesBuildPhase section */
		94A38A402B5D08E90012280F /* Resources */ = {
			isa = PBXResourcesBuildPhase;
			buildActionMask = 2147483647;
			files = (
				9453ACE02B663DDA00CCA438 /* sound3.mp3 in Resources */,
				9453ACDE2B663DDA00CCA438 /* sound1.mp3 in Resources */,
				94A38A4D2B5D08EB0012280F /* Preview Assets.xcassets in Resources */,
				9453ACE22B663DDA00CCA438 /* sound4.mp3 in Resources */,
				94A38A4A2B5D08EB0012280F /* Assets.xcassets in Resources */,
				9453ACDF2B663DDA00CCA438 /* sound2.mp3 in Resources */,
			);
			runOnlyForDeploymentPostprocessing = 0;
		};
/* End PBXResourcesBuildPhase section */

/* Begin PBXSourcesBuildPhase section */
		94A38A3E2B5D08E90012280F /* Sources */ = {
			isa = PBXSourcesBuildPhase;
			buildActionMask = 2147483647;
			files = (
				356B77D22B68BD48003791B9 /* LevelUpSheetView.swift in Sources */,
				35CF681A2B5D80B3001762B9 /* Onboarding2.swift in Sources */,
				35CF68192B5D80B3001762B9 /* Onboarding1.swift in Sources */,
				35CF681B2B5D80B3001762B9 /* doorAnimation.swift in Sources */,
				3500B5E92B66BA4F003C8607 /* MissionDetailSheetView.swift in Sources */,
				356B77D42B68BE19003791B9 /* ActiveSheet.swift in Sources */,
				94A38A622B5D3BCB0012280F /* LevelIconView.swift in Sources */,
				94A38A602B5D0A600012280F /* LevelDetailView.swift in Sources */,
				9453ACEE2B66AB8900CCA438 /* MissionViewModel.swift in Sources */,
				356B77DA2B68C9A4003791B9 /* BBBB.swift in Sources */,
				9453ACE12B663DDA00CCA438 /* SoundManager.swift in Sources */,
				945E3E9B2B5E436D004DFC98 /* LocationViewModel.swift in Sources */,
				945E3EA02B5E4380004DFC98 /* Location.swift in Sources */,
				94F9732E2B60F13B00F6B395 /* HintsView.swift in Sources */,
				94A38A5E2B5D0A0F0012280F /* MissionMapViewModel.swift in Sources */,
				353E16AD2B60FE780023D015 /* MissionCard .swift in Sources */,
				94F973352B623C2A00F6B395 /* test button.swift in Sources */,
				9453ACF42B66AC4900CCA438 /* MissionDataService.swift in Sources */,
				353E16AB2B60FE5D0023D015 /* MissionView.swift in Sources */,
				94A38A482B5D08E90012280F /* ContentView.swift in Sources */,
				945E3E9E2B5E437C004DFC98 /* LocationsDataService.swift in Sources */,
				9453ACF62B66ADFC00CCA438 /* MissionsViews.swift in Sources */,
				356B77D82B68C3D5003791B9 /* SheetPopupData.swift in Sources */,
				945E3EBE2B5E5F5D004DFC98 /* Dropdownmenue.swift in Sources */,
				353E16A62B60E3DC0023D015 /* PopupView.swift in Sources */,
				353E16B92B6150BF0023D015 /* HintPopupView.swift in Sources */,
				945E3EA22B5E4384004DFC98 /* LocationDetailView.swift in Sources */,
				18A06E932B60ECC800354C70 /* StampsBoard.swift in Sources */,
				3500B5552B662B9D003C8607 /* CongratsPopupView.swift in Sources */,
				356B77D02B68BCF6003791B9 /* SheetContent.swift in Sources */,
				356B77D62B68C15D003791B9 /* PopupsView.swift in Sources */,
				9453ACFE2B684A9000CCA438 /* InfoSheetView.swift in Sources */,
				35CF68182B5D80B3001762B9 /* Onboarding3.swift in Sources */,
				94F973302B60F14200F6B395 /* HintsViewModel.swift in Sources */,
				94A38A5C2B5D09E70012280F /* MissionMapView.swift in Sources */,
				9453ACF02B66AB9900CCA438 /* MissionModel.swift in Sources */,
				94A38A462B5D08E90012280F /* Saudi_TourismApp.swift in Sources */,
				94F9732C2B60F12A00F6B395 /* Place.swift in Sources */,
				353E16B72B614FE60023D015 /* HintPopupModel.swift in Sources */,
			);
			runOnlyForDeploymentPostprocessing = 0;
		};
/* End PBXSourcesBuildPhase section */

/* Begin XCBuildConfiguration section */
		94A38A4E2B5D08EB0012280F /* Debug */ = {
			isa = XCBuildConfiguration;
			buildSettings = {
				ALWAYS_SEARCH_USER_PATHS = NO;
				ASSETCATALOG_COMPILER_GENERATE_SWIFT_ASSET_SYMBOL_EXTENSIONS = YES;
				CLANG_ANALYZER_NONNULL = YES;
				CLANG_ANALYZER_NUMBER_OBJECT_CONVERSION = YES_AGGRESSIVE;
				CLANG_CXX_LANGUAGE_STANDARD = "gnu++20";
				CLANG_ENABLE_MODULES = YES;
				CLANG_ENABLE_OBJC_ARC = YES;
				CLANG_ENABLE_OBJC_WEAK = YES;
				CLANG_WARN_BLOCK_CAPTURE_AUTORELEASING = YES;
				CLANG_WARN_BOOL_CONVERSION = YES;
				CLANG_WARN_COMMA = YES;
				CLANG_WARN_CONSTANT_CONVERSION = YES;
				CLANG_WARN_DEPRECATED_OBJC_IMPLEMENTATIONS = YES;
				CLANG_WARN_DIRECT_OBJC_ISA_USAGE = YES_ERROR;
				CLANG_WARN_DOCUMENTATION_COMMENTS = YES;
				CLANG_WARN_EMPTY_BODY = YES;
				CLANG_WARN_ENUM_CONVERSION = YES;
				CLANG_WARN_INFINITE_RECURSION = YES;
				CLANG_WARN_INT_CONVERSION = YES;
				CLANG_WARN_NON_LITERAL_NULL_CONVERSION = YES;
				CLANG_WARN_OBJC_IMPLICIT_RETAIN_SELF = YES;
				CLANG_WARN_OBJC_LITERAL_CONVERSION = YES;
				CLANG_WARN_OBJC_ROOT_CLASS = YES_ERROR;
				CLANG_WARN_QUOTED_INCLUDE_IN_FRAMEWORK_HEADER = YES;
				CLANG_WARN_RANGE_LOOP_ANALYSIS = YES;
				CLANG_WARN_STRICT_PROTOTYPES = YES;
				CLANG_WARN_SUSPICIOUS_MOVE = YES;
				CLANG_WARN_UNGUARDED_AVAILABILITY = YES_AGGRESSIVE;
				CLANG_WARN_UNREACHABLE_CODE = YES;
				CLANG_WARN__DUPLICATE_METHOD_MATCH = YES;
				COPY_PHASE_STRIP = NO;
				DEBUG_INFORMATION_FORMAT = dwarf;
				ENABLE_STRICT_OBJC_MSGSEND = YES;
				ENABLE_TESTABILITY = YES;
				ENABLE_USER_SCRIPT_SANDBOXING = YES;
				GCC_C_LANGUAGE_STANDARD = gnu17;
				GCC_DYNAMIC_NO_PIC = NO;
				GCC_NO_COMMON_BLOCKS = YES;
				GCC_OPTIMIZATION_LEVEL = 0;
				GCC_PREPROCESSOR_DEFINITIONS = (
					"DEBUG=1",
					"$(inherited)",
				);
				GCC_WARN_64_TO_32_BIT_CONVERSION = YES;
				GCC_WARN_ABOUT_RETURN_TYPE = YES_ERROR;
				GCC_WARN_UNDECLARED_SELECTOR = YES;
				GCC_WARN_UNINITIALIZED_AUTOS = YES_AGGRESSIVE;
				GCC_WARN_UNUSED_FUNCTION = YES;
				GCC_WARN_UNUSED_VARIABLE = YES;
				IPHONEOS_DEPLOYMENT_TARGET = 17.2;
				LOCALIZATION_PREFERS_STRING_CATALOGS = YES;
				MTL_ENABLE_DEBUG_INFO = INCLUDE_SOURCE;
				MTL_FAST_MATH = YES;
				ONLY_ACTIVE_ARCH = YES;
				SDKROOT = iphoneos;
				SWIFT_ACTIVE_COMPILATION_CONDITIONS = "DEBUG $(inherited)";
				SWIFT_OPTIMIZATION_LEVEL = "-Onone";
			};
			name = Debug;
		};
		94A38A4F2B5D08EB0012280F /* Release */ = {
			isa = XCBuildConfiguration;
			buildSettings = {
				ALWAYS_SEARCH_USER_PATHS = NO;
				ASSETCATALOG_COMPILER_GENERATE_SWIFT_ASSET_SYMBOL_EXTENSIONS = YES;
				CLANG_ANALYZER_NONNULL = YES;
				CLANG_ANALYZER_NUMBER_OBJECT_CONVERSION = YES_AGGRESSIVE;
				CLANG_CXX_LANGUAGE_STANDARD = "gnu++20";
				CLANG_ENABLE_MODULES = YES;
				CLANG_ENABLE_OBJC_ARC = YES;
				CLANG_ENABLE_OBJC_WEAK = YES;
				CLANG_WARN_BLOCK_CAPTURE_AUTORELEASING = YES;
				CLANG_WARN_BOOL_CONVERSION = YES;
				CLANG_WARN_COMMA = YES;
				CLANG_WARN_CONSTANT_CONVERSION = YES;
				CLANG_WARN_DEPRECATED_OBJC_IMPLEMENTATIONS = YES;
				CLANG_WARN_DIRECT_OBJC_ISA_USAGE = YES_ERROR;
				CLANG_WARN_DOCUMENTATION_COMMENTS = YES;
				CLANG_WARN_EMPTY_BODY = YES;
				CLANG_WARN_ENUM_CONVERSION = YES;
				CLANG_WARN_INFINITE_RECURSION = YES;
				CLANG_WARN_INT_CONVERSION = YES;
				CLANG_WARN_NON_LITERAL_NULL_CONVERSION = YES;
				CLANG_WARN_OBJC_IMPLICIT_RETAIN_SELF = YES;
				CLANG_WARN_OBJC_LITERAL_CONVERSION = YES;
				CLANG_WARN_OBJC_ROOT_CLASS = YES_ERROR;
				CLANG_WARN_QUOTED_INCLUDE_IN_FRAMEWORK_HEADER = YES;
				CLANG_WARN_RANGE_LOOP_ANALYSIS = YES;
				CLANG_WARN_STRICT_PROTOTYPES = YES;
				CLANG_WARN_SUSPICIOUS_MOVE = YES;
				CLANG_WARN_UNGUARDED_AVAILABILITY = YES_AGGRESSIVE;
				CLANG_WARN_UNREACHABLE_CODE = YES;
				CLANG_WARN__DUPLICATE_METHOD_MATCH = YES;
				COPY_PHASE_STRIP = NO;
				DEBUG_INFORMATION_FORMAT = "dwarf-with-dsym";
				ENABLE_NS_ASSERTIONS = NO;
				ENABLE_STRICT_OBJC_MSGSEND = YES;
				ENABLE_USER_SCRIPT_SANDBOXING = YES;
				GCC_C_LANGUAGE_STANDARD = gnu17;
				GCC_NO_COMMON_BLOCKS = YES;
				GCC_WARN_64_TO_32_BIT_CONVERSION = YES;
				GCC_WARN_ABOUT_RETURN_TYPE = YES_ERROR;
				GCC_WARN_UNDECLARED_SELECTOR = YES;
				GCC_WARN_UNINITIALIZED_AUTOS = YES_AGGRESSIVE;
				GCC_WARN_UNUSED_FUNCTION = YES;
				GCC_WARN_UNUSED_VARIABLE = YES;
				IPHONEOS_DEPLOYMENT_TARGET = 17.2;
				LOCALIZATION_PREFERS_STRING_CATALOGS = YES;
				MTL_ENABLE_DEBUG_INFO = NO;
				MTL_FAST_MATH = YES;
				SDKROOT = iphoneos;
				SWIFT_COMPILATION_MODE = wholemodule;
				VALIDATE_PRODUCT = YES;
			};
			name = Release;
		};
		94A38A512B5D08EB0012280F /* Debug */ = {
			isa = XCBuildConfiguration;
			buildSettings = {
				ASSETCATALOG_COMPILER_APPICON_NAME = AppIcon;
				ASSETCATALOG_COMPILER_GLOBAL_ACCENT_COLOR_NAME = AccentColor;
				CODE_SIGN_STYLE = Automatic;
				CURRENT_PROJECT_VERSION = 1;
				DEVELOPMENT_ASSET_PATHS = "\"Saudi_Tourism/Preview Content\"";
				DEVELOPMENT_TEAM = ZM4ARX928Z;
				ENABLE_PREVIEWS = YES;
				GENERATE_INFOPLIST_FILE = YES;
				INFOPLIST_KEY_NSPhotoLibraryAddUsageDescription = "";
				INFOPLIST_KEY_UIApplicationSceneManifest_Generation = YES;
				INFOPLIST_KEY_UIApplicationSupportsIndirectInputEvents = YES;
				INFOPLIST_KEY_UILaunchScreen_Generation = YES;
				INFOPLIST_KEY_UISupportedInterfaceOrientations_iPad = "UIInterfaceOrientationPortrait UIInterfaceOrientationPortraitUpsideDown UIInterfaceOrientationLandscapeLeft UIInterfaceOrientationLandscapeRight";
				INFOPLIST_KEY_UISupportedInterfaceOrientations_iPhone = "UIInterfaceOrientationPortrait UIInterfaceOrientationLandscapeLeft UIInterfaceOrientationLandscapeRight";
				IPHONEOS_DEPLOYMENT_TARGET = 17.0;
				LD_RUNPATH_SEARCH_PATHS = (
					"$(inherited)",
					"@executable_path/Frameworks",
				);
				MARKETING_VERSION = 1.0;
				PRODUCT_BUNDLE_IDENTIFIER = "Afrah.Saudi-Tourism";
				PRODUCT_NAME = "$(TARGET_NAME)";
				SWIFT_EMIT_LOC_STRINGS = YES;
				SWIFT_VERSION = 5.0;
				TARGETED_DEVICE_FAMILY = "1,2";
			};
			name = Debug;
		};
		94A38A522B5D08EB0012280F /* Release */ = {
			isa = XCBuildConfiguration;
			buildSettings = {
				ASSETCATALOG_COMPILER_APPICON_NAME = AppIcon;
				ASSETCATALOG_COMPILER_GLOBAL_ACCENT_COLOR_NAME = AccentColor;
				CODE_SIGN_STYLE = Automatic;
				CURRENT_PROJECT_VERSION = 1;
				DEVELOPMENT_ASSET_PATHS = "\"Saudi_Tourism/Preview Content\"";
				DEVELOPMENT_TEAM = ZM4ARX928Z;
				ENABLE_PREVIEWS = YES;
				GENERATE_INFOPLIST_FILE = YES;
				INFOPLIST_KEY_NSPhotoLibraryAddUsageDescription = "";
				INFOPLIST_KEY_UIApplicationSceneManifest_Generation = YES;
				INFOPLIST_KEY_UIApplicationSupportsIndirectInputEvents = YES;
				INFOPLIST_KEY_UILaunchScreen_Generation = YES;
				INFOPLIST_KEY_UISupportedInterfaceOrientations_iPad = "UIInterfaceOrientationPortrait UIInterfaceOrientationPortraitUpsideDown UIInterfaceOrientationLandscapeLeft UIInterfaceOrientationLandscapeRight";
				INFOPLIST_KEY_UISupportedInterfaceOrientations_iPhone = "UIInterfaceOrientationPortrait UIInterfaceOrientationLandscapeLeft UIInterfaceOrientationLandscapeRight";
				IPHONEOS_DEPLOYMENT_TARGET = 17.0;
				LD_RUNPATH_SEARCH_PATHS = (
					"$(inherited)",
					"@executable_path/Frameworks",
				);
				MARKETING_VERSION = 1.0;
				PRODUCT_BUNDLE_IDENTIFIER = "Afrah.Saudi-Tourism";
				PRODUCT_NAME = "$(TARGET_NAME)";
				SWIFT_EMIT_LOC_STRINGS = YES;
				SWIFT_VERSION = 5.0;
				TARGETED_DEVICE_FAMILY = "1,2";
			};
			name = Release;
		};
/* End XCBuildConfiguration section */

/* Begin XCConfigurationList section */
		94A38A3D2B5D08E90012280F /* Build configuration list for PBXProject "Saudi_Tourism" */ = {
			isa = XCConfigurationList;
			buildConfigurations = (
				94A38A4E2B5D08EB0012280F /* Debug */,
				94A38A4F2B5D08EB0012280F /* Release */,
			);
			defaultConfigurationIsVisible = 0;
			defaultConfigurationName = Release;
		};
		94A38A502B5D08EB0012280F /* Build configuration list for PBXNativeTarget "Saudi_Tourism" */ = {
			isa = XCConfigurationList;
			buildConfigurations = (
				94A38A512B5D08EB0012280F /* Debug */,
				94A38A522B5D08EB0012280F /* Release */,
			);
			defaultConfigurationIsVisible = 0;
			defaultConfigurationName = Release;
		};
/* End XCConfigurationList section */
	};
	rootObject = 94A38A3A2B5D08E90012280F /* Project object */;
}
